
Microsoft Visual Studio Solution File, Format Version 12.00
# Visual Studio Version 17
VisualStudioVersion = 17.11.35312.102
MinimumVisualStudioVersion = 10.0.40219.1
Project("{FAE04EC0-301F-11D3-BF4B-00C04F79EFBC}") = "ProjectMyTelegramBot", "ProjectMyTelegramBot.csproj", "{98A35D0C-5E98-4620-A3B4-66E4888F16F7}"
EndProject
Global
	GlobalSection(SolutionConfigurationPlatforms) = preSolution
		Debug|Any CPU = Debug|Any CPU
		Release|Any CPU = Release|Any CPU
	EndGlobalSection
	GlobalSection(ProjectConfigurationPlatforms) = postSolution
		{98A35D0C-5E98-4620-A3B4-66E4888F16F7}.Debug|Any CPU.ActiveCfg = Debug|Any CPU
		{98A35D0C-5E98-4620-A3B4-66E4888F16F7}.Debug|Any CPU.Build.0 = Debug|Any CPU
		{98A35D0C-5E98-4620-A3B4-66E4888F16F7}.Release|Any CPU.ActiveCfg = Release|Any CPU
		{98A35D0C-5E98-4620-A3B4-66E4888F16F7}.Release|Any CPU.Build.0 = Release|Any CPU
	EndGlobalSection
	GlobalSection(SolutionProperties) = preSolution
		HideSolutionNode = FALSE
	EndGlobalSection
	GlobalSection(ExtensibilityGlobals) = postSolution
		SolutionGuid = {032970F0-1D04-48C9-A276-2C8C746753CF}
	EndGlobalSection
EndGlobal
