
Microsoft Visual Studio Solution File, Format Version 12.00
# Visual Studio Version 17
VisualStudioVersion = 17.11.35431.28
MinimumVisualStudioVersion = 10.0.40219.1
Project("{FAE04EC0-301F-11D3-BF4B-00C04F79EFBC}") = "TelegramBot", "TelegramBot.csproj", "{5DCEF248-C471-4894-A308-5099D4547DDD}"
EndProject
Global
	GlobalSection(SolutionConfigurationPlatforms) = preSolution
		Debug|Any CPU = Debug|Any CPU
		Release|Any CPU = Release|Any CPU
	EndGlobalSection
	GlobalSection(ProjectConfigurationPlatforms) = postSolution
		{5DCEF248-C471-4894-A308-5099D4547DDD}.Debug|Any CPU.ActiveCfg = Debug|Any CPU
		{5DCEF248-C471-4894-A308-5099D4547DDD}.Debug|Any CPU.Build.0 = Debug|Any CPU
		{5DCEF248-C471-4894-A308-5099D4547DDD}.Release|Any CPU.ActiveCfg = Release|Any CPU
		{5DCEF248-C471-4894-A308-5099D4547DDD}.Release|Any CPU.Build.0 = Release|Any CPU
	EndGlobalSection
	GlobalSection(SolutionProperties) = preSolution
		HideSolutionNode = FALSE
	EndGlobalSection
	GlobalSection(ExtensibilityGlobals) = postSolution
		SolutionGuid = {40CD0212-2F2E-48F1-8B2D-96BDA4F0B507}
	EndGlobalSection
EndGlobal
